{
  "name": "facelogin-main",
  "lockfileVersion": 2,
  "requires": true,
  "packages": {
    "": {
      "dependencies": {
        "flask": "^0.2.10",
        "sqlite": "^4.1.1",
        "zlib": "^1.0.5"
      }
    },
    "node_modules/flask": {
      "version": "0.2.10",
      "resolved": "https://registry.npmjs.org/flask/-/flask-0.2.10.tgz",
      "integrity": "sha512-Zy69KIuFsoX0o2W5uDHHk1GHMwRT8QT0AboPQY7b1soCfJ2pfwKxHF2AGVwJmDUjzawgOavoY/UsXnZ7fk3lVQ=="
    },
    "node_modules/sqlite": {
      "version": "4.1.1",
      "resolved": "https://registry.npmjs.org/sqlite/-/sqlite-4.1.1.tgz",
      "integrity": "sha512-qssVl58Q4ytWabIK7e3lIjDuiXu0sq+M2foXFILrlJwpHisTgywQ5wDB5ImcOPMbuZHX3Q5gmlcDgX3m+VBfdw=="
    },
    "node_modules/zlib": {
      "version": "1.0.5",
      "resolved": "https://registry.npmjs.org/zlib/-/zlib-1.0.5.tgz",
      "integrity": "sha512-40fpE2II+Cd3k8HWTWONfeKE2jL+P42iWJ1zzps5W51qcTsOUKM5Q5m2PFb0CLxlmFAaUuUdJGc3OfZy947v0w==",
      "hasInstallScript": true,
      "engines": {
        "node": ">=0.2.0"
      }
    }
  },
  "dependencies": {
    "flask": {
      "version": "0.2.10",
      "resolved": "https://registry.npmjs.org/flask/-/flask-0.2.10.tgz",
      "integrity": "sha512-Zy69KIuFsoX0o2W5uDHHk1GHMwRT8QT0AboPQY7b1soCfJ2pfwKxHF2AGVwJmDUjzawgOavoY/UsXnZ7fk3lVQ=="
    },
    "sqlite": {
      "version": "4.1.1",
      "resolved": "https://registry.npmjs.org/sqlite/-/sqlite-4.1.1.tgz",
      "integrity": "sha512-qssVl58Q4ytWabIK7e3lIjDuiXu0sq+M2foXFILrlJwpHisTgywQ5wDB5ImcOPMbuZHX3Q5gmlcDgX3m+VBfdw=="
    },
    "zlib": {
      "version": "1.0.5",
      "resolved": "https://registry.npmjs.org/zlib/-/zlib-1.0.5.tgz",
      "integrity": "sha512-40fpE2II+Cd3k8HWTWONfeKE2jL+P42iWJ1zzps5W51qcTsOUKM5Q5m2PFb0CLxlmFAaUuUdJGc3OfZy947v0w=="
    }
  }
}
